
Microsoft Visual Studio Solution File, Format Version 12.00
# Visual Studio Version 16
VisualStudioVersion = 16.0.30104.148
MinimumVisualStudioVersion = 10.0.40219.1
Project("{FAE04EC0-301F-11D3-BF4B-00C04F79EFBC}") = "lab_10", "lab_10.csproj", "{F235247D-F41C-4416-8F2C-247D4E61E021}"
EndProject
Global
	GlobalSection(SolutionConfigurationPlatforms) = preSolution
		Debug|Any CPU = Debug|Any CPU
		Release|Any CPU = Release|Any CPU
	EndGlobalSection
	GlobalSection(ProjectConfigurationPlatforms) = postSolution
		{F235247D-F41C-4416-8F2C-247D4E61E021}.Debug|Any CPU.ActiveCfg = Debug|Any CPU
		{F235247D-F41C-4416-8F2C-247D4E61E021}.Debug|Any CPU.Build.0 = Debug|Any CPU
		{F235247D-F41C-4416-8F2C-247D4E61E021}.Release|Any CPU.ActiveCfg = Release|Any CPU
		{F235247D-F41C-4416-8F2C-247D4E61E021}.Release|Any CPU.Build.0 = Release|Any CPU
	EndGlobalSection
	GlobalSection(SolutionProperties) = preSolution
		HideSolutionNode = FALSE
	EndGlobalSection
	GlobalSection(ExtensibilityGlobals) = postSolution
		SolutionGuid = {8D4F5D4D-D6FC-4B96-A506-DD56EF5E2162}
	EndGlobalSection
EndGlobal
