
Microsoft Visual Studio Solution File, Format Version 12.00
# Visual Studio Version 16
VisualStudioVersion = 16.0.30104.148
MinimumVisualStudioVersion = 10.0.40219.1
Project("{FAE04EC0-301F-11D3-BF4B-00C04F79EFBC}") = "lab_08", "lab_08.csproj", "{0876C2E8-2D7F-4C38-8491-68705835EB6F}"
EndProject
Global
	GlobalSection(SolutionConfigurationPlatforms) = preSolution
		Debug|Any CPU = Debug|Any CPU
		Release|Any CPU = Release|Any CPU
	EndGlobalSection
	GlobalSection(ProjectConfigurationPlatforms) = postSolution
		{0876C2E8-2D7F-4C38-8491-68705835EB6F}.Debug|Any CPU.ActiveCfg = Debug|Any CPU
		{0876C2E8-2D7F-4C38-8491-68705835EB6F}.Debug|Any CPU.Build.0 = Debug|Any CPU
		{0876C2E8-2D7F-4C38-8491-68705835EB6F}.Release|Any CPU.ActiveCfg = Release|Any CPU
		{0876C2E8-2D7F-4C38-8491-68705835EB6F}.Release|Any CPU.Build.0 = Release|Any CPU
	EndGlobalSection
	GlobalSection(SolutionProperties) = preSolution
		HideSolutionNode = FALSE
	EndGlobalSection
	GlobalSection(ExtensibilityGlobals) = postSolution
		SolutionGuid = {0B4C3E2D-F66C-43C0-9580-9866A888EA5F}
	EndGlobalSection
EndGlobal
